Microsoft Visual Studio Solution File, Format Version 12.00
# Visual Studio Version 17
VisualStudioVersion = 17.6.33804.262
MinimumVisualStudioVersion = 10.0.40219.1
Project("{FAE04EC0-301F-11D3-BF4B-00C04F79EFBC}") = "ServiceDefaults", "src\ServiceDefaults\ServiceDefaults.csproj", "{827E0CD3-B72D-47B6-A68D-7590B98EB39B}"
EndProject
Project("{FAE04EC0-301F-11D3-BF4B-00C04F79EFBC}") = "MigrationService", "src\MigrationService\MigrationService.csproj", "{36DAE7CE-DBA5-490E-ADE6-E2C1ADD7CD5C}"
EndProject
Project("{FAE04EC0-301F-11D3-BF4B-00C04F79EFBC}") = "AppHost", "src\AppHost\AppHost.csproj", "{70BA2CA1-DCB7-4CC3-84C2-0761A09B3EFE}"
EndProject
Project("{FAE04EC0-301F-11D3-BF4B-00C04F79EFBC}") = "Web", "src\Web\Web.csproj", "{4923E1D7-1007-480E-BD02-7910ABB5CB71}"
EndProject
Project("{FAE04EC0-301F-11D3-BF4B-00C04F79EFBC}") = "Shared", "src\Shared\Shared.csproj", "{7E9B75FD-9EF8-49B9-8AA4-E5B9BE0AC977}"
EndProject
Global
	GlobalSection(SolutionConfigurationPlatforms) = preSolution
		Debug|Any CPU = Debug|Any CPU
		Release|Any CPU = Release|Any CPU
	EndGlobalSection
	GlobalSection(ProjectConfigurationPlatforms) = postSolution
		{827E0CD3-B72D-47B6-A68D-7590B98EB39B}.Debug|Any CPU.ActiveCfg = Debug|Any CPU
		{827E0CD3-B72D-47B6-A68D-7590B98EB39B}.Debug|Any CPU.Build.0 = Debug|Any CPU
		{827E0CD3-B72D-47B6-A68D-7590B98EB39B}.Release|Any CPU.ActiveCfg = Release|Any CPU
		{827E0CD3-B72D-47B6-A68D-7590B98EB39B}.Release|Any CPU.Build.0 = Release|Any CPU

		{36DAE7CE-DBA5-490E-ADE6-E2C1ADD7CD5C}.Debug|Any CPU.ActiveCfg = Debug|Any CPU
		{36DAE7CE-DBA5-490E-ADE6-E2C1ADD7CD5C}.Debug|Any CPU.Build.0 = Debug|Any CPU
		{36DAE7CE-DBA5-490E-ADE6-E2C1ADD7CD5C}.Release|Any CPU.ActiveCfg = Release|Any CPU
		{36DAE7CE-DBA5-490E-ADE6-E2C1ADD7CD5C}.Release|Any CPU.Build.0 = Release|Any CPU

		{70BA2CA1-DCB7-4CC3-84C2-0761A09B3EFE}.Debug|Any CPU.ActiveCfg = Debug|Any CPU
		{70BA2CA1-DCB7-4CC3-84C2-0761A09B3EFE}.Debug|Any CPU.Build.0 = Debug|Any CPU
		{70BA2CA1-DCB7-4CC3-84C2-0761A09B3EFE}.Release|Any CPU.ActiveCfg = Release|Any CPU
		{70BA2CA1-DCB7-4CC3-84C2-0761A09B3EFE}.Release|Any CPU.Build.0 = Release|Any CPU

		{4923E1D7-1007-480E-BD02-7910ABB5CB71}.Debug|Any CPU.ActiveCfg = Debug|Any CPU
		{4923E1D7-1007-480E-BD02-7910ABB5CB71}.Debug|Any CPU.Build.0 = Debug|Any CPU
		{4923E1D7-1007-480E-BD02-7910ABB5CB71}.Release|Any CPU.ActiveCfg = Release|Any CPU
		{4923E1D7-1007-480E-BD02-7910ABB5CB71}.Release|Any CPU.Build.0 = Release|Any CPU

		{7E9B75FD-9EF8-49B9-8AA4-E5B9BE0AC977}.Debug|Any CPU.ActiveCfg = Debug|Any CPU
		{7E9B75FD-9EF8-49B9-8AA4-E5B9BE0AC977}.Debug|Any CPU.Build.0 = Debug|Any CPU
		{7E9B75FD-9EF8-49B9-8AA4-E5B9BE0AC977}.Release|Any CPU.ActiveCfg = Release|Any CPU
		{7E9B75FD-9EF8-49B9-8AA4-E5B9BE0AC977}.Release|Any CPU.Build.0 = Release|Any CPU
	EndGlobalSection
	GlobalSection(SolutionProperties) = preSolution
		HideSolutionNode = FALSE
	EndGlobalSection
	GlobalSection(ExtensibilityGlobals) = postSolution
		SolutionGuid = {C9DA06CB-7F1B-4453-BC97-368027B1D601}
	EndGlobalSection
EndGlobal
